
Microsoft Visual Studio Solution File, Format Version 12.00
# Visual Studio Version 17
VisualStudioVersion = 17.7.34031.279
MinimumVisualStudioVersion = 10.0.40219.1
Project("{FAE04EC0-301F-11D3-BF4B-00C04F79EFBC}") = "multiformplanner", "multiformplanner.csproj", "{39A0F589-723F-451D-ACDB-CF2DE0E8C58A}"
EndProject
Global
	GlobalSection(SolutionConfigurationPlatforms) = preSolution
		Debug|Any CPU = Debug|Any CPU
		Release|Any CPU = Release|Any CPU
	EndGlobalSection
	GlobalSection(ProjectConfigurationPlatforms) = postSolution
		{39A0F589-723F-451D-ACDB-CF2DE0E8C58A}.Debug|Any CPU.ActiveCfg = Debug|Any CPU
		{39A0F589-723F-451D-ACDB-CF2DE0E8C58A}.Debug|Any CPU.Build.0 = Debug|Any CPU
		{39A0F589-723F-451D-ACDB-CF2DE0E8C58A}.Release|Any CPU.ActiveCfg = Release|Any CPU
		{39A0F589-723F-451D-ACDB-CF2DE0E8C58A}.Release|Any CPU.Build.0 = Release|Any CPU
	EndGlobalSection
	GlobalSection(SolutionProperties) = preSolution
		HideSolutionNode = FALSE
	EndGlobalSection
	GlobalSection(ExtensibilityGlobals) = postSolution
		SolutionGuid = {B5435DFF-F89E-4710-99DE-CF1CB63630DE}
	EndGlobalSection
EndGlobal
